// !$*UTF8*$!
{
	archiveVersion = 1;
	classes = {
	};
	objectVersion = 56;
	objects = {

/* Begin PBXBuildFile section */
		D2BE486A295DC4F400669591 /* AppDelegate.swift in Sources */ = {isa = PBXBuildFile; fileRef = D2BE4869295DC4F400669591 /* AppDelegate.swift */; };
		D2BE486C295DC4F400669591 /* SceneDelegate.swift in Sources */ = {isa = PBXBuildFile; fileRef = D2BE486B295DC4F400669591 /* SceneDelegate.swift */; };
		D2BE486E295DC4F400669591 /* ViewController.swift in Sources */ = {isa = PBXBuildFile; fileRef = D2BE486D295DC4F400669591 /* ViewController.swift */; };
		D2BE4871295DC4F400669591 /* Main.storyboard in Resources */ = {isa = PBXBuildFile; fileRef = D2BE486F295DC4F400669591 /* Main.storyboard */; };
		D2BE4873295DC4F600669591 /* Assets.xcassets in Resources */ = {isa = PBXBuildFile; fileRef = D2BE4872295DC4F600669591 /* Assets.xcassets */; };
		D2BE4876295DC4F600669591 /* LaunchScreen.storyboard in Resources */ = {isa = PBXBuildFile; fileRef = D2BE4874295DC4F600669591 /* LaunchScreen.storyboard */; };
		D2BE4881295DC4F700669591 /* Top_Header_ExpandableTests.swift in Sources */ = {isa = PBXBuildFile; fileRef = D2BE4880295DC4F700669591 /* Top_Header_ExpandableTests.swift */; };
		D2BE488B295DC4F700669591 /* Top_Header_ExpandableUITests.swift in Sources */ = {isa = PBXBuildFile; fileRef = D2BE488A295DC4F700669591 /* Top_Header_ExpandableUITests.swift */; };
		D2BE488D295DC4F700669591 /* Top_Header_ExpandableUITestsLaunchTests.swift in Sources */ = {isa = PBXBuildFile; fileRef = D2BE488C295DC4F700669591 /* Top_Header_ExpandableUITestsLaunchTests.swift */; };
		D2BE489E295DC7A000669591 /* TableViewCell.swift in Sources */ = {isa = PBXBuildFile; fileRef = D2BE489C295DC7A000669591 /* TableViewCell.swift */; };
		D2BE489F295DC7A000669591 /* TableViewCell.xib in Resources */ = {isa = PBXBuildFile; fileRef = D2BE489D295DC7A000669591 /* TableViewCell.xib */; };
/* End PBXBuildFile section */

/* Begin PBXContainerItemProxy section */
		D2BE487D295DC4F700669591 /* PBXContainerItemProxy */ = {
			isa = PBXContainerItemProxy;
			containerPortal = D2BE485E295DC4F300669591 /* Project object */;
			proxyType = 1;
			remoteGlobalIDString = D2BE4865295DC4F400669591;
			remoteInfo = "Top Header Expandable";
		};
		D2BE4887295DC4F700669591 /* PBXContainerItemProxy */ = {
			isa = PBXContainerItemProxy;
			containerPortal = D2BE485E295DC4F300669591 /* Project object */;
			proxyType = 1;
			remoteGlobalIDString = D2BE4865295DC4F400669591;
			remoteInfo = "Top Header Expandable";
		};
/* End PBXContainerItemProxy section */

/* Begin PBXFileReference section */
		D2BE4866295DC4F400669591 /* Top Header Expandable.app */ = {isa = PBXFileReference; explicitFileType = wrapper.application; includeInIndex = 0; path = "Top Header Expandable.app"; sourceTree = BUILT_PRODUCTS_DIR; };
		D2BE4869295DC4F400669591 /* AppDelegate.swift */ = {isa = PBXFileReference; lastKnownFileType = sourcecode.swift; path = AppDelegate.swift; sourceTree = "<group>"; };
		D2BE486B295DC4F400669591 /* SceneDelegate.swift */ = {isa = PBXFileReference; lastKnownFileType = sourcecode.swift; path = SceneDelegate.swift; sourceTree = "<group>"; };
		D2BE486D295DC4F400669591 /* ViewController.swift */ = {isa = PBXFileReference; lastKnownFileType = sourcecode.swift; path = ViewController.swift; sourceTree = "<group>"; };
		D2BE4870295DC4F400669591 /* Base */ = {isa = PBXFileReference; lastKnownFileType = file.storyboard; name = Base; path = Base.lproj/Main.storyboard; sourceTree = "<group>"; };
		D2BE4872295DC4F600669591 /* Assets.xcassets */ = {isa = PBXFileReference; lastKnownFileType = folder.assetcatalog; path = Assets.xcassets; sourceTree = "<group>"; };
		D2BE4875295DC4F600669591 /* Base */ = {isa = PBXFileReference; lastKnownFileType = file.storyboard; name = Base; path = Base.lproj/LaunchScreen.storyboard; sourceTree = "<group>"; };
		D2BE4877295DC4F600669591 /* Info.plist */ = {isa = PBXFileReference; lastKnownFileType = text.plist.xml; path = Info.plist; sourceTree = "<group>"; };
		D2BE487C295DC4F700669591 /* Top Header ExpandableTests.xctest */ = {isa = PBXFileReference; explicitFileType = wrapper.cfbundle; includeInIndex = 0; path = "Top Header ExpandableTests.xctest"; sourceTree = BUILT_PRODUCTS_DIR; };
		D2BE4880295DC4F700669591 /* Top_Header_ExpandableTests.swift */ = {isa = PBXFileReference; lastKnownFileType = sourcecode.swift; path = Top_Header_ExpandableTests.swift; sourceTree = "<group>"; };
		D2BE4886295DC4F700669591 /* Top Header ExpandableUITests.xctest */ = {isa = PBXFileReference; explicitFileType = wrapper.cfbundle; includeInIndex = 0; path = "Top Header ExpandableUITests.xctest"; sourceTree = BUILT_PRODUCTS_DIR; };
		D2BE488A295DC4F700669591 /* Top_Header_ExpandableUITests.swift */ = {isa = PBXFileReference; lastKnownFileType = sourcecode.swift; path = Top_Header_ExpandableUITests.swift; sourceTree = "<group>"; };
		D2BE488C295DC4F700669591 /* Top_Header_ExpandableUITestsLaunchTests.swift */ = {isa = PBXFileReference; lastKnownFileType = sourcecode.swift; path = Top_Header_ExpandableUITestsLaunchTests.swift; sourceTree = "<group>"; };
		D2BE489C295DC7A000669591 /* TableViewCell.swift */ = {isa = PBXFileReference; lastKnownFileType = sourcecode.swift; path = TableViewCell.swift; sourceTree = "<group>"; };
		D2BE489D295DC7A000669591 /* TableViewCell.xib */ = {isa = PBXFileReference; lastKnownFileType = file.xib; path = TableViewCell.xib; sourceTree = "<group>"; };
/* End PBXFileReference section */

/* Begin PBXFrameworksBuildPhase section */
		D2BE4863295DC4F400669591 /* Frameworks */ = {
			isa = PBXFrameworksBuildPhase;
			buildActionMask = 2147483647;
			files = (
			);
			runOnlyForDeploymentPostprocessing = 0;
		};
		D2BE4879295DC4F700669591 /* Frameworks */ = {
			isa = PBXFrameworksBuildPhase;
			buildActionMask = 2147483647;
			files = (
			);
			runOnlyForDeploymentPostprocessing = 0;
		};
		D2BE4883295DC4F700669591 /* Frameworks */ = {
			isa = PBXFrameworksBuildPhase;
			buildActionMask = 2147483647;
			files = (
			);
			runOnlyForDeploymentPostprocessing = 0;
		};
/* End PBXFrameworksBuildPhase section */

/* Begin PBXGroup section */
		D2BE485D295DC4F300669591 = {
			isa = PBXGroup;
			children = (
				D2BE4868295DC4F400669591 /* Top Header Expandable */,
				D2BE487F295DC4F700669591 /* Top Header ExpandableTests */,
				D2BE4889295DC4F700669591 /* Top Header ExpandableUITests */,
				D2BE4867295DC4F400669591 /* Products */,
			);
			sourceTree = "<group>";
		};
		D2BE4867295DC4F400669591 /* Products */ = {
			isa = PBXGroup;
			children = (
				D2BE4866295DC4F400669591 /* Top Header Expandable.app */,
				D2BE487C295DC4F700669591 /* Top Header ExpandableTests.xctest */,
				D2BE4886295DC4F700669591 /* Top Header ExpandableUITests.xctest */,
			);
			name = Products;
			sourceTree = "<group>";
		};
		D2BE4868295DC4F400669591 /* Top Header Expandable */ = {
			isa = PBXGroup;
			children = (
				D2BE4899295DC75A00669591 /* Table View cell */,
				D2BE4869295DC4F400669591 /* AppDelegate.swift */,
				D2BE486B295DC4F400669591 /* SceneDelegate.swift */,
				D2BE486D295DC4F400669591 /* ViewController.swift */,
				D2BE486F295DC4F400669591 /* Main.storyboard */,
				D2BE4872295DC4F600669591 /* Assets.xcassets */,
				D2BE4874295DC4F600669591 /* LaunchScreen.storyboard */,
				D2BE4877295DC4F600669591 /* Info.plist */,
			);
			path = "Top Header Expandable";
			sourceTree = "<group>";
		};
		D2BE487F295DC4F700669591 /* Top Header ExpandableTests */ = {
			isa = PBXGroup;
			children = (
				D2BE4880295DC4F700669591 /* Top_Header_ExpandableTests.swift */,
			);
			path = "Top Header ExpandableTests";
			sourceTree = "<group>";
		};
		D2BE4889295DC4F700669591 /* Top Header ExpandableUITests */ = {
			isa = PBXGroup;
			children = (
				D2BE488A295DC4F700669591 /* Top_Header_ExpandableUITests.swift */,
				D2BE488C295DC4F700669591 /* Top_Header_ExpandableUITestsLaunchTests.swift */,
			);
			path = "Top Header ExpandableUITests";
			sourceTree = "<group>";
		};
		D2BE4899295DC75A00669591 /* Table View cell */ = {
			isa = PBXGroup;
			children = (
				D2BE489C295DC7A000669591 /* TableViewCell.swift */,
				D2BE489D295DC7A000669591 /* TableViewCell.xib */,
			);
			path = "Table View cell";
			sourceTree = "<group>";
		};
/* End PBXGroup section */

/* Begin PBXNativeTarget section */
		D2BE4865295DC4F400669591 /* Top Header Expandable */ = {
			isa = PBXNativeTarget;
			buildConfigurationList = D2BE4890295DC4F700669591 /* Build configuration list for PBXNativeTarget "Top Header Expandable" */;
			buildPhases = (
				D2BE4862295DC4F400669591 /* Sources */,
				D2BE4863295DC4F400669591 /* Frameworks */,
				D2BE4864295DC4F400669591 /* Resources */,
			);
			buildRules = (
			);
			dependencies = (
			);
			name = "Top Header Expandable";
			productName = "Top Header Expandable";
			productReference = D2BE4866295DC4F400669591 /* Top Header Expandable.app */;
			productType = "com.apple.product-type.application";
		};
		D2BE487B295DC4F700669591 /* Top Header ExpandableTests */ = {
			isa = PBXNativeTarget;
			buildConfigurationList = D2BE4893295DC4F700669591 /* Build configuration list for PBXNativeTarget "Top Header ExpandableTests" */;
			buildPhases = (
				D2BE4878295DC4F700669591 /* Sources */,
				D2BE4879295DC4F700669591 /* Frameworks */,
				D2BE487A295DC4F700669591 /* Resources */,
			);
			buildRules = (
			);
			dependencies = (
				D2BE487E295DC4F700669591 /* PBXTargetDependency */,
			);
			name = "Top Header ExpandableTests";
			productName = "Top Header ExpandableTests";
			productReference = D2BE487C295DC4F700669591 /* Top Header ExpandableTests.xctest */;
			productType = "com.apple.product-type.bundle.unit-test";
		};
		D2BE4885295DC4F700669591 /* Top Header ExpandableUITests */ = {
			isa = PBXNativeTarget;
			buildConfigurationList = D2BE4896295DC4F700669591 /* Build configuration list for PBXNativeTarget "Top Header ExpandableUITests" */;
			buildPhases = (
				D2BE4882295DC4F700669591 /* Sources */,
				D2BE4883295DC4F700669591 /* Frameworks */,
				D2BE4884295DC4F700669591 /* Resources */,
			);
			buildRules = (
			);
			dependencies = (
				D2BE4888295DC4F700669591 /* PBXTargetDependency */,
			);
			name = "Top Header ExpandableUITests";
			productName = "Top Header ExpandableUITests";
			productReference = D2BE4886295DC4F700669591 /* Top Header ExpandableUITests.xctest */;
			productType = "com.apple.product-type.bundle.ui-testing";
		};
/* End PBXNativeTarget section */

/* Begin PBXProject section */
		D2BE485E295DC4F300669591 /* Project object */ = {
			isa = PBXProject;
			attributes = {
				BuildIndependentTargetsInParallel = 1;
				LastSwiftUpdateCheck = 1420;
				LastUpgradeCheck = 1420;
				TargetAttributes = {
					D2BE4865295DC4F400669591 = {
						CreatedOnToolsVersion = 14.2;
					};
					D2BE487B295DC4F700669591 = {
						CreatedOnToolsVersion = 14.2;
						TestTargetID = D2BE4865295DC4F400669591;
					};
					D2BE4885295DC4F700669591 = {
						CreatedOnToolsVersion = 14.2;
						TestTargetID = D2BE4865295DC4F400669591;
					};
				};
			};
			buildConfigurationList = D2BE4861295DC4F300669591 /* Build configuration list for PBXProject "Top Header Expandable" */;
			compatibilityVersion = "Xcode 14.0";
			developmentRegion = en;
			hasScannedForEncodings = 0;
			knownRegions = (
				en,
				Base,
			);
			mainGroup = D2BE485D295DC4F300669591;
			productRefGroup = D2BE4867295DC4F400669591 /* Products */;
			projectDirPath = "";
			projectRoot = "";
			targets = (
				D2BE4865295DC4F400669591 /* Top Header Expandable */,
				D2BE487B295DC4F700669591 /* Top Header ExpandableTests */,
				D2BE4885295DC4F700669591 /* Top Header ExpandableUITests */,
			);
		};
/* End PBXProject section */

/* Begin PBXResourcesBuildPhase section */
		D2BE4864295DC4F400669591 /* Resources */ = {
			isa = PBXResourcesBuildPhase;
			buildActionMask = 2147483647;
			files = (
				D2BE4876295DC4F600669591 /* LaunchScreen.storyboard in Resources */,
				D2BE489F295DC7A000669591 /* TableViewCell.xib in Resources */,
				D2BE4873295DC4F600669591 /* Assets.xcassets in Resources */,
				D2BE4871295DC4F400669591 /* Main.storyboard in Resources */,
			);
			runOnlyForDeploymentPostprocessing = 0;
		};
		D2BE487A295DC4F700669591 /* Resources */ = {
			isa = PBXResourcesBuildPhase;
			buildActionMask = 2147483647;
			files = (
			);
			runOnlyForDeploymentPostprocessing = 0;
		};
		D2BE4884295DC4F700669591 /* Resources */ = {
			isa = PBXResourcesBuildPhase;
			buildActionMask = 2147483647;
			files = (
			);
			runOnlyForDeploymentPostprocessing = 0;
		};
/* End PBXResourcesBuildPhase section */

/* Begin PBXSourcesBuildPhase section */
		D2BE4862295DC4F400669591 /* Sources */ = {
			isa = PBXSourcesBuildPhase;
			buildActionMask = 2147483647;
			files = (
				D2BE486E295DC4F400669591 /* ViewController.swift in Sources */,
				D2BE489E295DC7A000669591 /* TableViewCell.swift in Sources */,
				D2BE486A295DC4F400669591 /* AppDelegate.swift in Sources */,
				D2BE486C295DC4F400669591 /* SceneDelegate.swift in Sources */,
			);
			runOnlyForDeploymentPostprocessing = 0;
		};
		D2BE4878295DC4F700669591 /* Sources */ = {
			isa = PBXSourcesBuildPhase;
			buildActionMask = 2147483647;
			files = (
				D2BE4881295DC4F700669591 /* Top_Header_ExpandableTests.swift in Sources */,
			);
			runOnlyForDeploymentPostprocessing = 0;
		};
		D2BE4882295DC4F700669591 /* Sources */ = {
			isa = PBXSourcesBuildPhase;
			buildActionMask = 2147483647;
			files = (
				D2BE488B295DC4F700669591 /* Top_Header_ExpandableUITests.swift in Sources */,
				D2BE488D295DC4F700669591 /* Top_Header_ExpandableUITestsLaunchTests.swift in Sources */,
			);
			runOnlyForDeploymentPostprocessing = 0;
		};
/* End PBXSourcesBuildPhase section */

/* Begin PBXTargetDependency section */
		D2BE487E295DC4F700669591 /* PBXTargetDependency */ = {
			isa = PBXTargetDependency;
			target = D2BE4865295DC4F400669591 /* Top Header Expandable */;
			targetProxy = D2BE487D295DC4F700669591 /* PBXContainerItemProxy */;
		};
		D2BE4888295DC4F700669591 /* PBXTargetDependency */ = {
			isa = PBXTargetDependency;
			target = D2BE4865295DC4F400669591 /* Top Header Expandable */;
			targetProxy = D2BE4887295DC4F700669591 /* PBXContainerItemProxy */;
		};
/* End PBXTargetDependency section */

/* Begin PBXVariantGroup section */
		D2BE486F295DC4F400669591 /* Main.storyboard */ = {
			isa = PBXVariantGroup;
			children = (
				D2BE4870295DC4F400669591 /* Base */,
			);
			name = Main.storyboard;
			sourceTree = "<group>";
		};
		D2BE4874295DC4F600669591 /* LaunchScreen.storyboard */ = {
			isa = PBXVariantGroup;
			children = (
				D2BE4875295DC4F600669591 /* Base */,
			);
			name = LaunchScreen.storyboard;
			sourceTree = "<group>";
		};
/* End PBXVariantGroup section */

/* Begin XCBuildConfiguration section */
		D2BE488E295DC4F700669591 /* Debug */ = {
			isa = XCBuildConfiguration;
			buildSettings = {
				ALWAYS_SEARCH_USER_PATHS = NO;
				CLANG_ANALYZER_NONNULL = YES;
				CLANG_ANALYZER_NUMBER_OBJECT_CONVERSION = YES_AGGRESSIVE;
				CLANG_CXX_LANGUAGE_STANDARD = "gnu++20";
				CLANG_ENABLE_MODULES = YES;
				CLANG_ENABLE_OBJC_ARC = YES;
				CLANG_ENABLE_OBJC_WEAK = YES;
				CLANG_WARN_BLOCK_CAPTURE_AUTORELEASING = YES;
				CLANG_WARN_BOOL_CONVERSION = YES;
				CLANG_WARN_COMMA = YES;
				CLANG_WARN_CONSTANT_CONVERSION = YES;
				CLANG_WARN_DEPRECATED_OBJC_IMPLEMENTATIONS = YES;
				CLANG_WARN_DIRECT_OBJC_ISA_USAGE = YES_ERROR;
				CLANG_WARN_DOCUMENTATION_COMMENTS = YES;
				CLANG_WARN_EMPTY_BODY = YES;
				CLANG_WARN_ENUM_CONVERSION = YES;
				CLANG_WARN_INFINITE_RECURSION = YES;
				CLANG_WARN_INT_CONVERSION = YES;
				CLANG_WARN_NON_LITERAL_NULL_CONVERSION = YES;
				CLANG_WARN_OBJC_IMPLICIT_RETAIN_SELF = YES;
				CLANG_WARN_OBJC_LITERAL_CONVERSION = YES;
				CLANG_WARN_OBJC_ROOT_CLASS = YES_ERROR;
				CLANG_WARN_QUOTED_INCLUDE_IN_FRAMEWORK_HEADER = YES;
				CLANG_WARN_RANGE_LOOP_ANALYSIS = YES;
				CLANG_WARN_STRICT_PROTOTYPES = YES;
				CLANG_WARN_SUSPICIOUS_MOVE = YES;
				CLANG_WARN_UNGUARDED_AVAILABILITY = YES_AGGRESSIVE;
				CLANG_WARN_UNREACHABLE_CODE = YES;
				CLANG_WARN__DUPLICATE_METHOD_MATCH = YES;
				COPY_PHASE_STRIP = NO;
				DEBUG_INFORMATION_FORMAT = dwarf;
				ENABLE_STRICT_OBJC_MSGSEND = YES;
				ENABLE_TESTABILITY = YES;
				GCC_C_LANGUAGE_STANDARD = gnu11;
				GCC_DYNAMIC_NO_PIC = NO;
				GCC_NO_COMMON_BLOCKS = YES;
				GCC_OPTIMIZATION_LEVEL = 0;
				GCC_PREPROCESSOR_DEFINITIONS = (
					"DEBUG=1",
					"$(inherited)",
				);
				GCC_WARN_64_TO_32_BIT_CONVERSION = YES;
				GCC_WARN_ABOUT_RETURN_TYPE = YES_ERROR;
				GCC_WARN_UNDECLARED_SELECTOR = YES;
				GCC_WARN_UNINITIALIZED_AUTOS = YES_AGGRESSIVE;
				GCC_WARN_UNUSED_FUNCTION = YES;
				GCC_WARN_UNUSED_VARIABLE = YES;
				IPHONEOS_DEPLOYMENT_TARGET = 16.2;
				MTL_ENABLE_DEBUG_INFO = INCLUDE_SOURCE;
				MTL_FAST_MATH = YES;
				ONLY_ACTIVE_ARCH = YES;
				SDKROOT = iphoneos;
				SWIFT_ACTIVE_COMPILATION_CONDITIONS = DEBUG;
				SWIFT_OPTIMIZATION_LEVEL = "-Onone";
			};
			name = Debug;
		};
		D2BE488F295DC4F700669591 /* Release */ = {
			isa = XCBuildConfiguration;
			buildSettings = {
				ALWAYS_SEARCH_USER_PATHS = NO;
				CLANG_ANALYZER_NONNULL = YES;
				CLANG_ANALYZER_NUMBER_OBJECT_CONVERSION = YES_AGGRESSIVE;
				CLANG_CXX_LANGUAGE_STANDARD = "gnu++20";
				CLANG_ENABLE_MODULES = YES;
				CLANG_ENABLE_OBJC_ARC = YES;
				CLANG_ENABLE_OBJC_WEAK = YES;
				CLANG_WARN_BLOCK_CAPTURE_AUTORELEASING = YES;
				CLANG_WARN_BOOL_CONVERSION = YES;
				CLANG_WARN_COMMA = YES;
				CLANG_WARN_CONSTANT_CONVERSION = YES;
				CLANG_WARN_DEPRECATED_OBJC_IMPLEMENTATIONS = YES;
				CLANG_WARN_DIRECT_OBJC_ISA_USAGE = YES_ERROR;
				CLANG_WARN_DOCUMENTATION_COMMENTS = YES;
				CLANG_WARN_EMPTY_BODY = YES;
				CLANG_WARN_ENUM_CONVERSION = YES;
				CLANG_WARN_INFINITE_RECURSION = YES;
				CLANG_WARN_INT_CONVERSION = YES;
				CLANG_WARN_NON_LITERAL_NULL_CONVERSION = YES;
				CLANG_WARN_OBJC_IMPLICIT_RETAIN_SELF = YES;
				CLANG_WARN_OBJC_LITERAL_CONVERSION = YES;
				CLANG_WARN_OBJC_ROOT_CLASS = YES_ERROR;
				CLANG_WARN_QUOTED_INCLUDE_IN_FRAMEWORK_HEADER = YES;
				CLANG_WARN_RANGE_LOOP_ANALYSIS = YES;
				CLANG_WARN_STRICT_PROTOTYPES = YES;
				CLANG_WARN_SUSPICIOUS_MOVE = YES;
				CLANG_WARN_UNGUARDED_AVAILABILITY = YES_AGGRESSIVE;
				CLANG_WARN_UNREACHABLE_CODE = YES;
				CLANG_WARN__DUPLICATE_METHOD_MATCH = YES;
				COPY_PHASE_STRIP = NO;
				DEBUG_INFORMATION_FORMAT = "dwarf-with-dsym";
				ENABLE_NS_ASSERTIONS = NO;
				ENABLE_STRICT_OBJC_MSGSEND = YES;
				GCC_C_LANGUAGE_STANDARD = gnu11;
				GCC_NO_COMMON_BLOCKS = YES;
				GCC_WARN_64_TO_32_BIT_CONVERSION = YES;
				GCC_WARN_ABOUT_RETURN_TYPE = YES_ERROR;
				GCC_WARN_UNDECLARED_SELECTOR = YES;
				GCC_WARN_UNINITIALIZED_AUTOS = YES_AGGRESSIVE;
				GCC_WARN_UNUSED_FUNCTION = YES;
				GCC_WARN_UNUSED_VARIABLE = YES;
				IPHONEOS_DEPLOYMENT_TARGET = 16.2;
				MTL_ENABLE_DEBUG_INFO = NO;
				MTL_FAST_MATH = YES;
				SDKROOT = iphoneos;
				SWIFT_COMPILATION_MODE = wholemodule;
				SWIFT_OPTIMIZATION_LEVEL = "-O";
				VALIDATE_PRODUCT = YES;
			};
			name = Release;
		};
		D2BE4891295DC4F700669591 /* Debug */ = {
			isa = XCBuildConfiguration;
			buildSettings = {
				ASSETCATALOG_COMPILER_APPICON_NAME = AppIcon;
				ASSETCATALOG_COMPILER_GLOBAL_ACCENT_COLOR_NAME = AccentColor;
				CODE_SIGN_STYLE = Automatic;
				CURRENT_PROJECT_VERSION = 1;
				DEVELOPMENT_TEAM = "";
				GENERATE_INFOPLIST_FILE = YES;
				INFOPLIST_FILE = "Top Header Expandable/Info.plist";
				INFOPLIST_KEY_UIApplicationSupportsIndirectInputEvents = YES;
				INFOPLIST_KEY_UILaunchStoryboardName = LaunchScreen;
				INFOPLIST_KEY_UIMainStoryboardFile = Main;
				INFOPLIST_KEY_UISupportedInterfaceOrientations_iPad = "UIInterfaceOrientationPortrait UIInterfaceOrientationPortraitUpsideDown UIInterfaceOrientationLandscapeLeft UIInterfaceOrientationLandscapeRight";
				INFOPLIST_KEY_UISupportedInterfaceOrientations_iPhone = "UIInterfaceOrientationPortrait UIInterfaceOrientationLandscapeLeft UIInterfaceOrientationLandscapeRight";
				IPHONEOS_DEPLOYMENT_TARGET = 13.0;
				LD_RUNPATH_SEARCH_PATHS = (
					"$(inherited)",
					"@executable_path/Frameworks",
				);
				MARKETING_VERSION = 1.0;
				PRODUCT_BUNDLE_IDENTIFIER = "com.practice.top.header.Top-Header-Expandable";
				PRODUCT_NAME = "$(TARGET_NAME)";
				SUPPORTED_PLATFORMS = "iphoneos iphonesimulator";
				SUPPORTS_MACCATALYST = NO;
				SUPPORTS_MAC_DESIGNED_FOR_IPHONE_IPAD = NO;
				SWIFT_EMIT_LOC_STRINGS = YES;
				SWIFT_VERSION = 5.0;
				TARGETED_DEVICE_FAMILY = 1;
			};
			name = Debug;
		};
		D2BE4892295DC4F700669591 /* Release */ = {
			isa = XCBuildConfiguration;
			buildSettings = {
				ASSETCATALOG_COMPILER_APPICON_NAME = AppIcon;
				ASSETCATALOG_COMPILER_GLOBAL_ACCENT_COLOR_NAME = AccentColor;
				CODE_SIGN_STYLE = Automatic;
				CURRENT_PROJECT_VERSION = 1;
				DEVELOPMENT_TEAM = "";
				GENERATE_INFOPLIST_FILE = YES;
				INFOPLIST_FILE = "Top Header Expandable/Info.plist";
				INFOPLIST_KEY_UIApplicationSupportsIndirectInputEvents = YES;
				INFOPLIST_KEY_UILaunchStoryboardName = LaunchScreen;
				INFOPLIST_KEY_UIMainStoryboardFile = Main;
				INFOPLIST_KEY_UISupportedInterfaceOrientations_iPad = "UIInterfaceOrientationPortrait UIInterfaceOrientationPortraitUpsideDown UIInterfaceOrientationLandscapeLeft UIInterfaceOrientationLandscapeRight";
				INFOPLIST_KEY_UISupportedInterfaceOrientations_iPhone = "UIInterfaceOrientationPortrait UIInterfaceOrientationLandscapeLeft UIInterfaceOrientationLandscapeRight";
				IPHONEOS_DEPLOYMENT_TARGET = 13.0;
				LD_RUNPATH_SEARCH_PATHS = (
					"$(inherited)",
					"@executable_path/Frameworks",
				);
				MARKETING_VERSION = 1.0;
				PRODUCT_BUNDLE_IDENTIFIER = "com.practice.top.header.Top-Header-Expandable";
				PRODUCT_NAME = "$(TARGET_NAME)";
				SUPPORTED_PLATFORMS = "iphoneos iphonesimulator";
				SUPPORTS_MACCATALYST = NO;
				SUPPORTS_MAC_DESIGNED_FOR_IPHONE_IPAD = NO;
				SWIFT_EMIT_LOC_STRINGS = YES;
				SWIFT_VERSION = 5.0;
				TARGETED_DEVICE_FAMILY = 1;
			};
			name = Release;
		};
		D2BE4894295DC4F700669591 /* Debug */ = {
			isa = XCBuildConfiguration;
			buildSettings = {
				ALWAYS_EMBED_SWIFT_STANDARD_LIBRARIES = YES;
				BUNDLE_LOADER = "$(TEST_HOST)";
				CODE_SIGN_STYLE = Automatic;
				CURRENT_PROJECT_VERSION = 1;
				DEVELOPMENT_TEAM = 3P6U978VZ9;
				GENERATE_INFOPLIST_FILE = YES;
				IPHONEOS_DEPLOYMENT_TARGET = 16.2;
				MARKETING_VERSION = 1.0;
				PRODUCT_BUNDLE_IDENTIFIER = "com.practice.top.header.Top-Header-ExpandableTests";
				PRODUCT_NAME = "$(TARGET_NAME)";
				SWIFT_EMIT_LOC_STRINGS = NO;
				SWIFT_VERSION = 5.0;
				TARGETED_DEVICE_FAMILY = "1,2";
				TEST_HOST = "$(BUILT_PRODUCTS_DIR)/Top Header Expandable.app/$(BUNDLE_EXECUTABLE_FOLDER_PATH)/Top Header Expandable";
			};
			name = Debug;
		};
		D2BE4895295DC4F700669591 /* Release */ = {
			isa = XCBuildConfiguration;
			buildSettings = {
				ALWAYS_EMBED_SWIFT_STANDARD_LIBRARIES = YES;
				BUNDLE_LOADER = "$(TEST_HOST)";
				CODE_SIGN_STYLE = Automatic;
				CURRENT_PROJECT_VERSION = 1;
				DEVELOPMENT_TEAM = 3P6U978VZ9;
				GENERATE_INFOPLIST_FILE = YES;
				IPHONEOS_DEPLOYMENT_TARGET = 16.2;
				MARKETING_VERSION = 1.0;
				PRODUCT_BUNDLE_IDENTIFIER = "com.practice.top.header.Top-Header-ExpandableTests";
				PRODUCT_NAME = "$(TARGET_NAME)";
				SWIFT_EMIT_LOC_STRINGS = NO;
				SWIFT_VERSION = 5.0;
				TARGETED_DEVICE_FAMILY = "1,2";
				TEST_HOST = "$(BUILT_PRODUCTS_DIR)/Top Header Expandable.app/$(BUNDLE_EXECUTABLE_FOLDER_PATH)/Top Header Expandable";
			};
			name = Release;
		};
		D2BE4897295DC4F700669591 /* Debug */ = {
			isa = XCBuildConfiguration;
			buildSettings = {
				ALWAYS_EMBED_SWIFT_STANDARD_LIBRARIES = YES;
				CODE_SIGN_STYLE = Automatic;
				CURRENT_PROJECT_VERSION = 1;
				DEVELOPMENT_TEAM = 3P6U978VZ9;
				GENERATE_INFOPLIST_FILE = YES;
				MARKETING_VERSION = 1.0;
				PRODUCT_BUNDLE_IDENTIFIER = "com.practice.top.header.Top-Header-ExpandableUITests";
				PRODUCT_NAME = "$(TARGET_NAME)";
				SWIFT_EMIT_LOC_STRINGS = NO;
				SWIFT_VERSION = 5.0;
				TARGETED_DEVICE_FAMILY = "1,2";
				TEST_TARGET_NAME = "Top Header Expandable";
			};
			name = Debug;
		};
		D2BE4898295DC4F700669591 /* Release */ = {
			isa = XCBuildConfiguration;
			buildSettings = {
				ALWAYS_EMBED_SWIFT_STANDARD_LIBRARIES = YES;
				CODE_SIGN_STYLE = Automatic;
				CURRENT_PROJECT_VERSION = 1;
				DEVELOPMENT_TEAM = 3P6U978VZ9;
				GENERATE_INFOPLIST_FILE = YES;
				MARKETING_VERSION = 1.0;
				PRODUCT_BUNDLE_IDENTIFIER = "com.practice.top.header.Top-Header-ExpandableUITests";
				PRODUCT_NAME = "$(TARGET_NAME)";
				SWIFT_EMIT_LOC_STRINGS = NO;
				SWIFT_VERSION = 5.0;
				TARGETED_DEVICE_FAMILY = "1,2";
				TEST_TARGET_NAME = "Top Header Expandable";
			};
			name = Release;
		};
/* End XCBuildConfiguration section */

/* Begin XCConfigurationList section */
		D2BE4861295DC4F300669591 /* Build configuration list for PBXProject "Top Header Expandable" */ = {
			isa = XCConfigurationList;
			buildConfigurations = (
				D2BE488E295DC4F700669591 /* Debug */,
				D2BE488F295DC4F700669591 /* Release */,
			);
			defaultConfigurationIsVisible = 0;
			defaultConfigurationName = Release;
		};
		D2BE4890295DC4F700669591 /* Build configuration list for PBXNativeTarget "Top Header Expandable" */ = {
			isa = XCConfigurationList;
			buildConfigurations = (
				D2BE4891295DC4F700669591 /* Debug */,
				D2BE4892295DC4F700669591 /* Release */,
			);
			defaultConfigurationIsVisible = 0;
			defaultConfigurationName = Release;
		};
		D2BE4893295DC4F700669591 /* Build configuration list for PBXNativeTarget "Top Header ExpandableTests" */ = {
			isa = XCConfigurationList;
			buildConfigurations = (
				D2BE4894295DC4F700669591 /* Debug */,
				D2BE4895295DC4F700669591 /* Release */,
			);
			defaultConfigurationIsVisible = 0;
			defaultConfigurationName = Release;
		};
		D2BE4896295DC4F700669591 /* Build configuration list for PBXNativeTarget "Top Header ExpandableUITests" */ = {
			isa = XCConfigurationList;
			buildConfigurations = (
				D2BE4897295DC4F700669591 /* Debug */,
				D2BE4898295DC4F700669591 /* Release */,
			);
			defaultConfigurationIsVisible = 0;
			defaultConfigurationName = Release;
		};
/* End XCConfigurationList section */
	};
	rootObject = D2BE485E295DC4F300669591 /* Project object */;
}
